{
  "name": "webviewer",
  "version": "11.4.0",
  "lockfileVersion": 3,
  "requires": true,
  "packages": {
    "": {
      "name": "webviewer",
      "version": "11.4.0",
      "dependencies": {
        "webviewer": "file:"
      }
    },
    "node_modules/webviewer": {
      "resolved": "",
      "link": true
    }
  }
}
